
Microsoft Visual Studio Solution File, Format Version 12.00
# Visual Studio Version 16
VisualStudioVersion = 16.0.32428.217
MinimumVisualStudioVersion = 10.0.40219.1
Project("{FAE04EC0-301F-11D3-BF4B-00C04F79EFBC}") = "Coast Fire Calculator", "Coast Fire Calculator\Coast Fire Calculator.csproj", "{A78E6625-D434-485B-BA0D-DBC86E19B467}"
EndProject
Global
	GlobalSection(SolutionConfigurationPlatforms) = preSolution
		Debug|Any CPU = Debug|Any CPU
		Release|Any CPU = Release|Any CPU
	EndGlobalSection
	GlobalSection(ProjectConfigurationPlatforms) = postSolution
		{A78E6625-D434-485B-BA0D-DBC86E19B467}.Debug|Any CPU.ActiveCfg = Debug|Any CPU
		{A78E6625-D434-485B-BA0D-DBC86E19B467}.Debug|Any CPU.Build.0 = Debug|Any CPU
		{A78E6625-D434-485B-BA0D-DBC86E19B467}.Release|Any CPU.ActiveCfg = Release|Any CPU
		{A78E6625-D434-485B-BA0D-DBC86E19B467}.Release|Any CPU.Build.0 = Release|Any CPU
	EndGlobalSection
	GlobalSection(SolutionProperties) = preSolution
		HideSolutionNode = FALSE
	EndGlobalSection
	GlobalSection(ExtensibilityGlobals) = postSolution
		SolutionGuid = {704607F4-9482-4C29-BB42-73FCA1BB0D96}
	EndGlobalSection
EndGlobal
